
Microsoft Visual Studio Solution File, Format Version 12.00
# Visual Studio Version 16
VisualStudioVersion = 16.0.30611.23
MinimumVisualStudioVersion = 10.0.40219.1
Project("{9A19103F-16F7-4668-BE54-9A1E7A4F7556}") = "Modular", "Modular\Modular.csproj", "{9053C7F4-EB20-4CF6-981D-FA9F5AB65CEC}"
EndProject
Project("{9A19103F-16F7-4668-BE54-9A1E7A4F7556}") = "CounterRCL", "..\test\Counter\CounterRCL.csproj", "{4D1736C4-8E84-4BC6-AF76-8AD01318A375}"
EndProject
Project("{9A19103F-16F7-4668-BE54-9A1E7A4F7556}") = "ModularHost", "..\test\ModularHost\ModularHost.csproj", "{F7BCF27A-1F16-46BE-9F9C-E0363A7591F3}"
EndProject
Global
	GlobalSection(SolutionConfigurationPlatforms) = preSolution
		Debug|Any CPU = Debug|Any CPU
		Release|Any CPU = Release|Any CPU
	EndGlobalSection
	GlobalSection(ProjectConfigurationPlatforms) = postSolution
		{9053C7F4-EB20-4CF6-981D-FA9F5AB65CEC}.Debug|Any CPU.ActiveCfg = Debug|Any CPU
		{9053C7F4-EB20-4CF6-981D-FA9F5AB65CEC}.Debug|Any CPU.Build.0 = Debug|Any CPU
		{9053C7F4-EB20-4CF6-981D-FA9F5AB65CEC}.Release|Any CPU.ActiveCfg = Release|Any CPU
		{9053C7F4-EB20-4CF6-981D-FA9F5AB65CEC}.Release|Any CPU.Build.0 = Release|Any CPU
		{4D1736C4-8E84-4BC6-AF76-8AD01318A375}.Debug|Any CPU.ActiveCfg = Debug|Any CPU
		{4D1736C4-8E84-4BC6-AF76-8AD01318A375}.Debug|Any CPU.Build.0 = Debug|Any CPU
		{4D1736C4-8E84-4BC6-AF76-8AD01318A375}.Release|Any CPU.ActiveCfg = Release|Any CPU
		{4D1736C4-8E84-4BC6-AF76-8AD01318A375}.Release|Any CPU.Build.0 = Release|Any CPU
		{F7BCF27A-1F16-46BE-9F9C-E0363A7591F3}.Debug|Any CPU.ActiveCfg = Debug|Any CPU
		{F7BCF27A-1F16-46BE-9F9C-E0363A7591F3}.Debug|Any CPU.Build.0 = Debug|Any CPU
		{F7BCF27A-1F16-46BE-9F9C-E0363A7591F3}.Release|Any CPU.ActiveCfg = Release|Any CPU
		{F7BCF27A-1F16-46BE-9F9C-E0363A7591F3}.Release|Any CPU.Build.0 = Release|Any CPU
	EndGlobalSection
	GlobalSection(SolutionProperties) = preSolution
		HideSolutionNode = FALSE
	EndGlobalSection
	GlobalSection(ExtensibilityGlobals) = postSolution
		SolutionGuid = {1156B127-5A88-49EC-9107-E842460E67A4}
	EndGlobalSection
EndGlobal
